
Microsoft Visual Studio Solution File, Format Version 11.00
# Visual Studio 2010
Project("{FAE04EC0-301F-11D3-BF4B-00C04F79EFBC}") = "Mortal_Kombat", "Mortal_Kombat\Mortal_Kombat\Mortal_Kombat.csproj", "{E9E50009-549E-4B49-A183-5CC6008097CA}"
EndProject
Project("{96E2B04D-8817-42C6-938A-82C39BA4D311}") = "Mortal_KombatContent", "Mortal_Kombat\Mortal_KombatContent\Mortal_KombatContent.contentproj", "{4DDF347C-F43E-48E2-925E-F412EE27C578}"
EndProject
Global
	GlobalSection(SolutionConfigurationPlatforms) = preSolution
		Debug|x86 = Debug|x86
		Release|x86 = Release|x86
	EndGlobalSection
	GlobalSection(ProjectConfigurationPlatforms) = postSolution
		{E9E50009-549E-4B49-A183-5CC6008097CA}.Debug|x86.ActiveCfg = Debug|x86
		{E9E50009-549E-4B49-A183-5CC6008097CA}.Debug|x86.Build.0 = Debug|x86
		{E9E50009-549E-4B49-A183-5CC6008097CA}.Release|x86.ActiveCfg = Release|x86
		{E9E50009-549E-4B49-A183-5CC6008097CA}.Release|x86.Build.0 = Release|x86
		{4DDF347C-F43E-48E2-925E-F412EE27C578}.Debug|x86.ActiveCfg = Debug|x86
		{4DDF347C-F43E-48E2-925E-F412EE27C578}.Release|x86.ActiveCfg = Release|x86
	EndGlobalSection
	GlobalSection(SolutionProperties) = preSolution
		HideSolutionNode = FALSE
	EndGlobalSection
EndGlobal
